
Microsoft Visual Studio Solution File, Format Version 12.00
# Visual Studio Version 16
VisualStudioVersion = 16.0.30011.22
MinimumVisualStudioVersion = 10.0.40219.1
Project("{9A19103F-16F7-4668-BE54-9A1E7A4F7556}") = "WebApplication5", "WebApplication5.csproj", "{9812C6B7-E522-4476-8464-2310A768D392}"
EndProject
Global
	GlobalSection(SolutionConfigurationPlatforms) = preSolution
		Debug|Any CPU = Debug|Any CPU
		Release|Any CPU = Release|Any CPU
	EndGlobalSection
	GlobalSection(ProjectConfigurationPlatforms) = postSolution
		{9812C6B7-E522-4476-8464-2310A768D392}.Debug|Any CPU.ActiveCfg = Debug|Any CPU
		{9812C6B7-E522-4476-8464-2310A768D392}.Debug|Any CPU.Build.0 = Debug|Any CPU
		{9812C6B7-E522-4476-8464-2310A768D392}.Release|Any CPU.ActiveCfg = Release|Any CPU
		{9812C6B7-E522-4476-8464-2310A768D392}.Release|Any CPU.Build.0 = Release|Any CPU
	EndGlobalSection
	GlobalSection(SolutionProperties) = preSolution
		HideSolutionNode = FALSE
	EndGlobalSection
	GlobalSection(ExtensibilityGlobals) = postSolution
		SolutionGuid = {5D8BED37-4D64-4102-B158-E22FB40950E8}
	EndGlobalSection
EndGlobal
